
Microsoft Visual Studio Solution File, Format Version 12.00
# Visual Studio Version 17
VisualStudioVersion = 17.7.34031.279
MinimumVisualStudioVersion = 10.0.40219.1
Project("{888888A0-9F3D-457C-B088-3A5042F75D52}") = "CampusNetworkController", "CampusNetworkController.pyproj", "{45C66B84-F97A-4E89-AEA4-A6AE796B8E9D}"
EndProject
Global
	GlobalSection(SolutionConfigurationPlatforms) = preSolution
		Debug|Any CPU = Debug|Any CPU
		Release|Any CPU = Release|Any CPU
	EndGlobalSection
	GlobalSection(ProjectConfigurationPlatforms) = postSolution
		{45C66B84-F97A-4E89-AEA4-A6AE796B8E9D}.Debug|Any CPU.ActiveCfg = Debug|Any CPU
		{45C66B84-F97A-4E89-AEA4-A6AE796B8E9D}.Release|Any CPU.ActiveCfg = Release|Any CPU
	EndGlobalSection
	GlobalSection(SolutionProperties) = preSolution
		HideSolutionNode = FALSE
	EndGlobalSection
	GlobalSection(ExtensibilityGlobals) = postSolution
		SolutionGuid = {4AF6941D-82B8-4CDA-92BE-B359E0FF9DC2}
	EndGlobalSection
EndGlobal
